
Microsoft Visual Studio Solution File, Format Version 12.00
# Visual Studio Version 17
VisualStudioVersion = 17.1.32319.34
MinimumVisualStudioVersion = 10.0.40219.1
Project("{FAE04EC0-301F-11D3-BF4B-00C04F79EFBC}") = "WebAppDemo", "WebAppDemo\WebAppDemo.csproj", "{546F1490-6612-4672-9EF7-C45AAC8221E3}"
EndProject
Global
	GlobalSection(SolutionConfigurationPlatforms) = preSolution
		Debug|Any CPU = Debug|Any CPU
		Release|Any CPU = Release|Any CPU
	EndGlobalSection
	GlobalSection(ProjectConfigurationPlatforms) = postSolution
		{546F1490-6612-4672-9EF7-C45AAC8221E3}.Debug|Any CPU.ActiveCfg = Debug|Any CPU
		{546F1490-6612-4672-9EF7-C45AAC8221E3}.Debug|Any CPU.Build.0 = Debug|Any CPU
		{546F1490-6612-4672-9EF7-C45AAC8221E3}.Release|Any CPU.ActiveCfg = Release|Any CPU
		{546F1490-6612-4672-9EF7-C45AAC8221E3}.Release|Any CPU.Build.0 = Release|Any CPU
	EndGlobalSection
	GlobalSection(SolutionProperties) = preSolution
		HideSolutionNode = FALSE
	EndGlobalSection
	GlobalSection(ExtensibilityGlobals) = postSolution
		SolutionGuid = {FD22AA67-09C5-4C62-91C3-8076DD429EED}
	EndGlobalSection
EndGlobal
