
Microsoft Visual Studio Solution File, Format Version 12.00
# Visual Studio Version 17
VisualStudioVersion = 17.1.32319.34
MinimumVisualStudioVersion = 10.0.40219.1
Project("{FAE04EC0-301F-11D3-BF4B-00C04F79EFBC}") = "AppConfigurationDemo", "AppConfigurationDemo\AppConfigurationDemo.csproj", "{02D287D6-AF14-402D-8AAB-2BE344BE36F2}"
EndProject
Project("{FAE04EC0-301F-11D3-BF4B-00C04F79EFBC}") = "MVCConfiguration", "MVCConfiguration\MVCConfiguration.csproj", "{95981345-3210-4680-ABB1-49551D0866FC}"
EndProject
Global
	GlobalSection(SolutionConfigurationPlatforms) = preSolution
		Debug|Any CPU = Debug|Any CPU
		Release|Any CPU = Release|Any CPU
	EndGlobalSection
	GlobalSection(ProjectConfigurationPlatforms) = postSolution
		{02D287D6-AF14-402D-8AAB-2BE344BE36F2}.Debug|Any CPU.ActiveCfg = Debug|Any CPU
		{02D287D6-AF14-402D-8AAB-2BE344BE36F2}.Debug|Any CPU.Build.0 = Debug|Any CPU
		{02D287D6-AF14-402D-8AAB-2BE344BE36F2}.Release|Any CPU.ActiveCfg = Release|Any CPU
		{02D287D6-AF14-402D-8AAB-2BE344BE36F2}.Release|Any CPU.Build.0 = Release|Any CPU
		{95981345-3210-4680-ABB1-49551D0866FC}.Debug|Any CPU.ActiveCfg = Debug|Any CPU
		{95981345-3210-4680-ABB1-49551D0866FC}.Debug|Any CPU.Build.0 = Debug|Any CPU
		{95981345-3210-4680-ABB1-49551D0866FC}.Release|Any CPU.ActiveCfg = Release|Any CPU
		{95981345-3210-4680-ABB1-49551D0866FC}.Release|Any CPU.Build.0 = Release|Any CPU
	EndGlobalSection
	GlobalSection(SolutionProperties) = preSolution
		HideSolutionNode = FALSE
	EndGlobalSection
	GlobalSection(ExtensibilityGlobals) = postSolution
		SolutionGuid = {ECB2048B-6457-4306-825C-2D5FB6B00301}
	EndGlobalSection
EndGlobal
